{
  "version": 4,
  "terraform_version": "0.12.26",
  "serial": 570,
  "lineage": "ede2133e-ffa6-f74d-2399-6d69528d5fa4",
  "outputs": {
    "cloudfront_ip_addr": {
      "value": "dcqvdq7uh9pw0.cloudfront.net",
      "type": "string"
    }
  },
  "resources": [
    {
      "mode": "managed",
      "type": "aws_cloudfront_distribution",
      "name": "s3_distribution",
      "provider": "provider.aws",
      "instances": [
        {
          "schema_version": 1,
          "attributes": {
            "active_trusted_signers": {
              "enabled": "false",
              "items.#": "0"
            },
            "aliases": null,
            "arn": "arn:aws:cloudfront::964745870063:distribution/E2LPC5U63080X6",
            "cache_behavior": [],
            "caller_reference": "terraform-20200721112523830600000002",
            "comment": null,
            "custom_error_response": [
              {
                "error_caching_min_ttl": 3000,
                "error_code": 404,
                "response_code": 200,
                "response_page_path": "/ibm-red-hat-leadspace.png"
              }
            ],
            "default_cache_behavior": [
              {
                "allowed_methods": [
                  "DELETE",
                  "GET",
                  "HEAD",
                  "OPTIONS",
                  "PATCH",
                  "POST",
                  "PUT"
                ],
                "cached_methods": [
                  "GET",
                  "HEAD"
                ],
                "compress": false,
                "default_ttl": 3600,
                "field_level_encryption_id": "",
                "forwarded_values": [
                  {
                    "cookies": [
                      {
                        "forward": "none",
                        "whitelisted_names": null
                      }
                    ],
                    "headers": null,
                    "query_string": false,
                    "query_string_cache_keys": null
                  }
                ],
                "lambda_function_association": [],
                "max_ttl": 86400,
                "min_ttl": 0,
                "smooth_streaming": false,
                "target_origin_id": "divyanshbu22cketaws",
                "trusted_signers": null,
                "viewer_protocol_policy": "allow-all"
              }
            ],
            "default_root_object": "index.php",
            "domain_name": "dcqvdq7uh9pw0.cloudfront.net",
            "enabled": true,
            "etag": "E1O8ZIP6BYYPWB",
            "hosted_zone_id": "Z2FDTNDATAQYW2",
            "http_version": "http2",
            "id": "E2LPC5U63080X6",
            "in_progress_validation_batches": 0,
            "is_ipv6_enabled": true,
            "last_modified_time": "2020-07-21 11:25:24.975 +0000 UTC",
            "logging_config": [],
            "ordered_cache_behavior": [],
            "origin": [
              {
                "custom_header": [],
                "custom_origin_config": [],
                "domain_name": "divyanshbu22cketaws.s3.ap-south-1.amazonaws.com",
                "origin_id": "divyanshbu22cketaws",
                "origin_path": "",
                "s3_origin_config": [
                  {
                    "origin_access_identity": "origin-access-identity/cloudfront/E2EY2I9UKHWFJX"
                  }
                ]
              }
            ],
            "origin_group": [],
            "price_class": "PriceClass_All",
            "restrictions": [
              {
                "geo_restriction": [
                  {
                    "locations": null,
                    "restriction_type": "none"
                  }
                ]
              }
            ],
            "retain_on_delete": false,
            "status": "Deployed",
            "tags": {
              "Name": "Web-CF-Distribution"
            },
            "viewer_certificate": [
              {
                "acm_certificate_arn": "",
                "cloudfront_default_certificate": true,
                "iam_certificate_id": "",
                "minimum_protocol_version": "TLSv1",
                "ssl_support_method": ""
              }
            ],
            "wait_for_deployment": true,
            "web_acl_id": ""
          },
          "private": "eyJzY2hlbWFfdmVyc2lvbiI6IjEifQ==",
          "dependencies": [
            "aws_cloudfront_origin_access_identity.origin_access_identity",
            "aws_s3_bucket.divyansh1222bucket",
            "aws_security_group.task-2-sg",
            "aws_subnet.terra_subnet",
            "aws_vpc.terra_vpc"
          ]
        }
      ]
    },
    {
      "mode": "managed",
      "type": "aws_cloudfront_origin_access_identity",
      "name": "origin_access_identity",
      "provider": "provider.aws",
      "instances": [
        {
          "schema_version": 0,
          "attributes": {
            "caller_reference": "terraform-20200721112520658500000001",
            "cloudfront_access_identity_path": "origin-access-identity/cloudfront/E2EY2I9UKHWFJX",
            "comment": "Sync CloudFront to S3",
            "etag": "E1YS4R88NF9Y1B",
            "iam_arn": "arn:aws:iam::cloudfront:user/CloudFront Origin Access Identity E2EY2I9UKHWFJX",
            "id": "E2EY2I9UKHWFJX",
            "s3_canonical_user_id": "203b7505249bfe107e0297ed66a4485383603d52bbefc3ed926b0f8eb18ae40dd4517e45ffd61c631c7636a662dad01c"
          },
          "private": "bnVsbA==",
          "dependencies": [
            "aws_s3_bucket.divyansh1222bucket",
            "aws_security_group.task-2-sg",
            "aws_subnet.terra_subnet",
            "aws_vpc.terra_vpc"
          ]
        }
      ]
    },
    {
      "mode": "managed",
      "type": "aws_efs_file_system",
      "name": "efs_task",
      "provider": "provider.aws",
      "instances": [
        {
          "schema_version": 0,
          "attributes": {
            "arn": "arn:aws:elasticfilesystem:ap-south-1:964745870063:file-system/fs-d5c95e04",
            "creation_token": "efs_task",
            "dns_name": "fs-d5c95e04.efs.ap-south-1.amazonaws.com",
            "encrypted": true,
            "id": "fs-d5c95e04",
            "kms_key_id": "arn:aws:kms:ap-south-1:964745870063:key/41e2a216-cc4e-4348-8af4-0ca3f02a4137",
            "lifecycle_policy": [],
            "performance_mode": "generalPurpose",
            "provisioned_throughput_in_mibps": 0,
            "reference_name": null,
            "tags": {
              "Name": "efs_task"
            },
            "throughput_mode": "bursting"
          },
          "private": "bnVsbA==",
          "dependencies": [
            "aws_internet_gateway.task-2-igw",
            "aws_route_table.route-table-igw",
            "aws_route_table_association.subnet-association",
            "aws_subnet.terra_subnet",
            "aws_vpc.terra_vpc"
          ]
        }
      ]
    },
    {
      "mode": "managed",
      "type": "aws_efs_mount_target",
      "name": "efs_mount",
      "provider": "provider.aws",
      "instances": [
        {
          "schema_version": 0,
          "attributes": {
            "availability_zone_id": "aps1-az1",
            "availability_zone_name": "ap-south-1a",
            "dns_name": "fs-d5c95e04.efs.ap-south-1.amazonaws.com",
            "file_system_arn": "arn:aws:elasticfilesystem:ap-south-1:964745870063:file-system/fs-d5c95e04",
            "file_system_id": "fs-d5c95e04",
            "id": "fsmt-708d5da1",
            "ip_address": "192.168.5.238",
            "mount_target_dns_name": "ap-south-1a.fs-d5c95e04.efs.ap-south-1.amazonaws.com",
            "network_interface_id": "eni-08680f3124ad9d7c4",
            "owner_id": "964745870063",
            "security_groups": [
              "sg-0677c8e92675d6da8"
            ],
            "subnet_id": "subnet-0bb693683c76b6e66"
          },
          "private": "bnVsbA==",
          "dependencies": [
            "aws_efs_file_system.efs_task",
            "aws_internet_gateway.task-2-igw",
            "aws_route_table.route-table-igw",
            "aws_route_table_association.subnet-association",
            "aws_security_group.task-2-sg",
            "aws_subnet.terra_subnet",
            "aws_vpc.terra_vpc"
          ]
        }
      ]
    },
    {
      "mode": "managed",
      "type": "aws_instance",
      "name": "vmout",
      "provider": "provider.aws",
      "instances": [
        {
          "schema_version": 1,
          "attributes": {
            "ami": "ami-0185e010d074994be",
            "arn": "arn:aws:ec2:ap-south-1:964745870063:instance/i-091b90aca51598a41",
            "associate_public_ip_address": true,
            "availability_zone": "ap-south-1a",
            "cpu_core_count": 1,
            "cpu_threads_per_core": 1,
            "credit_specification": [
              {
                "cpu_credits": "standard"
              }
            ],
            "disable_api_termination": false,
            "ebs_block_device": [],
            "ebs_optimized": false,
            "ephemeral_block_device": [],
            "get_password_data": false,
            "hibernation": false,
            "host_id": null,
            "iam_instance_profile": "",
            "id": "i-091b90aca51598a41",
            "instance_initiated_shutdown_behavior": null,
            "instance_state": "running",
            "instance_type": "t2.micro",
            "ipv6_address_count": 0,
            "ipv6_addresses": [],
            "key_name": "puttykey1234",
            "metadata_options": [
              {
                "http_endpoint": "enabled",
                "http_put_response_hop_limit": 1,
                "http_tokens": "optional"
              }
            ],
            "monitoring": false,
            "network_interface": [],
            "network_interface_id": null,
            "outpost_arn": "",
            "password_data": "",
            "placement_group": "",
            "primary_network_interface_id": "eni-050d0eee3b850ff2e",
            "private_dns": "ip-192-168-5-173.ap-south-1.compute.internal",
            "private_ip": "192.168.5.173",
            "public_dns": "ec2-13-233-174-85.ap-south-1.compute.amazonaws.com",
            "public_ip": "13.233.174.85",
            "root_block_device": [
              {
                "delete_on_termination": true,
                "device_name": "/dev/sda1",
                "encrypted": false,
                "iops": 100,
                "kms_key_id": "",
                "volume_id": "vol-0bba61117e9aa13d5",
                "volume_size": 8,
                "volume_type": "gp2"
              }
            ],
            "security_groups": [],
            "source_dest_check": true,
            "subnet_id": "subnet-0bb693683c76b6e66",
            "tags": {
              "Name": "EC2"
            },
            "tenancy": "default",
            "timeouts": null,
            "user_data": null,
            "user_data_base64": null,
            "volume_tags": {},
            "vpc_security_group_ids": [
              "sg-0677c8e92675d6da8"
            ]
          },
          "private": "eyJlMmJmYjczMC1lY2FhLTExZTYtOGY4OC0zNDM2M2JjN2M0YzAiOnsiY3JlYXRlIjo2MDAwMDAwMDAwMDAsImRlbGV0ZSI6MTIwMDAwMDAwMDAwMCwidXBkYXRlIjo2MDAwMDAwMDAwMDB9LCJzY2hlbWFfdmVyc2lvbiI6IjEifQ==",
          "dependencies": [
            "aws_efs_file_system.efs_task",
            "aws_efs_mount_target.efs_mount",
            "aws_internet_gateway.task-2-igw",
            "aws_route_table.route-table-igw",
            "aws_route_table_association.subnet-association",
            "aws_security_group.task-2-sg",
            "aws_subnet.terra_subnet",
            "aws_vpc.terra_vpc"
          ]
        }
      ]
    },
    {
      "mode": "managed",
      "type": "aws_internet_gateway",
      "name": "task-2-igw",
      "provider": "provider.aws",
      "instances": [
        {
          "schema_version": 0,
          "attributes": {
            "arn": "arn:aws:ec2:ap-south-1:964745870063:internet-gateway/igw-0708caae61dd20b54",
            "id": "igw-0708caae61dd20b54",
            "owner_id": "964745870063",
            "tags": {
              "Name": "My task-2 VPC Internet Gateway"
            },
            "vpc_id": "vpc-0afe69dda3f521a6d"
          },
          "private": "bnVsbA==",
          "dependencies": [
            "aws_vpc.terra_vpc"
          ]
        }
      ]
    },
    {
      "mode": "managed",
      "type": "aws_route_table",
      "name": "route-table-igw",
      "provider": "provider.aws",
      "instances": [
        {
          "schema_version": 0,
          "attributes": {
            "id": "rtb-01e5096b4bebb7e1c",
            "owner_id": "964745870063",
            "propagating_vgws": [],
            "route": [
              {
                "cidr_block": "0.0.0.0/0",
                "egress_only_gateway_id": "",
                "gateway_id": "igw-0708caae61dd20b54",
                "instance_id": "",
                "ipv6_cidr_block": "",
                "nat_gateway_id": "",
                "network_interface_id": "",
                "transit_gateway_id": "",
                "vpc_peering_connection_id": ""
              }
            ],
            "tags": {
              "Name": "route-table"
            },
            "vpc_id": "vpc-0afe69dda3f521a6d"
          },
          "private": "bnVsbA==",
          "dependencies": [
            "aws_internet_gateway.task-2-igw",
            "aws_vpc.terra_vpc"
          ]
        }
      ]
    },
    {
      "mode": "managed",
      "type": "aws_route_table_association",
      "name": "subnet-association",
      "provider": "provider.aws",
      "instances": [
        {
          "schema_version": 0,
          "attributes": {
            "gateway_id": null,
            "id": "rtbassoc-0cd5c62c82f80c723",
            "route_table_id": "rtb-01e5096b4bebb7e1c",
            "subnet_id": "subnet-0bb693683c76b6e66"
          },
          "private": "bnVsbA==",
          "dependencies": [
            "aws_internet_gateway.task-2-igw",
            "aws_route_table.route-table-igw",
            "aws_subnet.terra_subnet",
            "aws_vpc.terra_vpc"
          ]
        }
      ]
    },
    {
      "mode": "managed",
      "type": "aws_s3_bucket",
      "name": "divyansh1222bucket",
      "provider": "provider.aws",
      "instances": [
        {
          "schema_version": 0,
          "attributes": {
            "acceleration_status": "",
            "acl": "public-read",
            "arn": "arn:aws:s3:::divyanshbu22cketaws",
            "bucket": "divyanshbu22cketaws",
            "bucket_domain_name": "divyanshbu22cketaws.s3.amazonaws.com",
            "bucket_prefix": null,
            "bucket_regional_domain_name": "divyanshbu22cketaws.s3.ap-south-1.amazonaws.com",
            "cors_rule": [],
            "force_destroy": true,
            "grant": [],
            "hosted_zone_id": "Z11RGJOFQNVJUP",
            "id": "divyanshbu22cketaws",
            "lifecycle_rule": [],
            "logging": [],
            "object_lock_configuration": [],
            "policy": null,
            "region": "ap-south-1",
            "replication_configuration": [],
            "request_payer": "BucketOwner",
            "server_side_encryption_configuration": [],
            "tags": null,
            "versioning": [
              {
                "enabled": false,
                "mfa_delete": false
              }
            ],
            "website": [],
            "website_domain": null,
            "website_endpoint": null
          },
          "private": "bnVsbA==",
          "dependencies": [
            "aws_security_group.task-2-sg",
            "aws_subnet.terra_subnet",
            "aws_vpc.terra_vpc"
          ]
        }
      ]
    },
    {
      "mode": "managed",
      "type": "aws_s3_bucket_object",
      "name": "image_upload",
      "provider": "provider.aws",
      "instances": [
        {
          "schema_version": 0,
          "attributes": {
            "acl": "public-read",
            "bucket": "divyanshbu22cketaws",
            "cache_control": "",
            "content": null,
            "content_base64": null,
            "content_disposition": "",
            "content_encoding": "",
            "content_language": "",
            "content_type": "image or jpeg",
            "etag": "f4e127e925feceab7acbfb12396e744f",
            "force_destroy": false,
            "id": "wall.jpg",
            "key": "wall.jpg",
            "kms_key_id": null,
            "metadata": null,
            "object_lock_legal_hold_status": "",
            "object_lock_mode": "",
            "object_lock_retain_until_date": "",
            "server_side_encryption": "",
            "source": "D:/Terraform/TASK/upload/wall.jpg",
            "storage_class": "STANDARD",
            "tags": null,
            "version_id": "",
            "website_redirect": ""
          },
          "private": "bnVsbA==",
          "dependencies": [
            "aws_s3_bucket.divyansh1222bucket",
            "aws_security_group.task-2-sg",
            "aws_subnet.terra_subnet",
            "aws_vpc.terra_vpc"
          ]
        }
      ]
    },
    {
      "mode": "managed",
      "type": "aws_s3_bucket_policy",
      "name": "b67",
      "provider": "provider.aws",
      "instances": [
        {
          "schema_version": 0,
          "attributes": {
            "bucket": "divyanshbu22cketaws",
            "id": "divyanshbu22cketaws",
            "policy": "{\r\n  \"Version\": \"2012-10-17\",\r\n  \"Id\": \"MYBUCKETPOLICY\",\r\n  \"Statement\": [\r\n    {\r\n      \"Sid\": \"IPAllow\",\r\n      \"Effect\": \"Deny\",\r\n      \"Principal\": \"*\",\r\n      \"Action\": \"s3:*\",\r\n      \"Resource\": \"arn:aws:s3:::divyanshbu22cketaws/*\",\r\n      \"Condition\": {\r\n       \"IpAddress\": {\"aws:SourceIp\": \"8.8.8.8/32\"}\r\n      }\r\n    }\r\n]\r\n}\r\n"
          },
          "private": "bnVsbA==",
          "dependencies": [
            "aws_s3_bucket.divyansh1222bucket",
            "aws_security_group.task-2-sg",
            "aws_subnet.terra_subnet",
            "aws_vpc.terra_vpc"
          ]
        }
      ]
    },
    {
      "mode": "managed",
      "type": "aws_security_group",
      "name": "task-2-sg",
      "provider": "provider.aws",
      "instances": [
        {
          "schema_version": 1,
          "attributes": {
            "arn": "arn:aws:ec2:ap-south-1:964745870063:security-group/sg-0677c8e92675d6da8",
            "description": "Allow TLS Inbound traffic",
            "egress": [
              {
                "cidr_blocks": [
                  "0.0.0.0/0"
                ],
                "description": "",
                "from_port": 0,
                "ipv6_cidr_blocks": [],
                "prefix_list_ids": [],
                "protocol": "-1",
                "security_groups": [],
                "self": false,
                "to_port": 0
              }
            ],
            "id": "sg-0677c8e92675d6da8",
            "ingress": [
              {
                "cidr_blocks": [
                  "0.0.0.0/0"
                ],
                "description": "NFS from EFS",
                "from_port": 2049,
                "ipv6_cidr_blocks": [],
                "prefix_list_ids": [],
                "protocol": "tcp",
                "security_groups": [],
                "self": false,
                "to_port": 2049
              },
              {
                "cidr_blocks": [
                  "0.0.0.0/0"
                ],
                "description": "TLS from HTTP",
                "from_port": 80,
                "ipv6_cidr_blocks": [],
                "prefix_list_ids": [],
                "protocol": "tcp",
                "security_groups": [],
                "self": false,
                "to_port": 80
              },
              {
                "cidr_blocks": [
                  "0.0.0.0/0"
                ],
                "description": "TLS from SSH",
                "from_port": 22,
                "ipv6_cidr_blocks": [],
                "prefix_list_ids": [],
                "protocol": "tcp",
                "security_groups": [],
                "self": false,
                "to_port": 22
              }
            ],
            "name": "task-2-sg",
            "name_prefix": null,
            "owner_id": "964745870063",
            "revoke_rules_on_delete": false,
            "tags": {
              "Name": "task-2-sg"
            },
            "timeouts": null,
            "vpc_id": "vpc-0afe69dda3f521a6d"
          },
          "private": "eyJlMmJmYjczMC1lY2FhLTExZTYtOGY4OC0zNDM2M2JjN2M0YzAiOnsiY3JlYXRlIjo2MDAwMDAwMDAwMDAsImRlbGV0ZSI6NjAwMDAwMDAwMDAwfSwic2NoZW1hX3ZlcnNpb24iOiIxIn0=",
          "dependencies": [
            "aws_subnet.terra_subnet",
            "aws_vpc.terra_vpc"
          ]
        }
      ]
    },
    {
      "mode": "managed",
      "type": "aws_subnet",
      "name": "terra_subnet",
      "provider": "provider.aws",
      "instances": [
        {
          "schema_version": 1,
          "attributes": {
            "arn": "arn:aws:ec2:ap-south-1:964745870063:subnet/subnet-0bb693683c76b6e66",
            "assign_ipv6_address_on_creation": false,
            "availability_zone": "ap-south-1a",
            "availability_zone_id": "aps1-az1",
            "cidr_block": "192.168.5.0/24",
            "id": "subnet-0bb693683c76b6e66",
            "ipv6_cidr_block": "",
            "ipv6_cidr_block_association_id": "",
            "map_public_ip_on_launch": true,
            "outpost_arn": "",
            "owner_id": "964745870063",
            "tags": {
              "Name": "terra_subnet"
            },
            "timeouts": null,
            "vpc_id": "vpc-0afe69dda3f521a6d"
          },
          "private": "eyJlMmJmYjczMC1lY2FhLTExZTYtOGY4OC0zNDM2M2JjN2M0YzAiOnsiY3JlYXRlIjo2MDAwMDAwMDAwMDAsImRlbGV0ZSI6MTIwMDAwMDAwMDAwMH0sInNjaGVtYV92ZXJzaW9uIjoiMSJ9",
          "dependencies": [
            "aws_vpc.terra_vpc"
          ]
        }
      ]
    },
    {
      "mode": "managed",
      "type": "aws_vpc",
      "name": "terra_vpc",
      "provider": "provider.aws",
      "instances": [
        {
          "schema_version": 1,
          "attributes": {
            "arn": "arn:aws:ec2:ap-south-1:964745870063:vpc/vpc-0afe69dda3f521a6d",
            "assign_generated_ipv6_cidr_block": false,
            "cidr_block": "192.168.0.0/16",
            "default_network_acl_id": "acl-0db916c6e81dc3733",
            "default_route_table_id": "rtb-0fd8efc93c416d20d",
            "default_security_group_id": "sg-007b10427f777cdca",
            "dhcp_options_id": "dopt-6c9f6407",
            "enable_classiclink": null,
            "enable_classiclink_dns_support": null,
            "enable_dns_hostnames": true,
            "enable_dns_support": true,
            "id": "vpc-0afe69dda3f521a6d",
            "instance_tenancy": "default",
            "ipv6_association_id": "",
            "ipv6_cidr_block": "",
            "main_route_table_id": "rtb-0fd8efc93c416d20d",
            "owner_id": "964745870063",
            "tags": {
              "Name": "terra_vpc"
            }
          },
          "private": "eyJzY2hlbWFfdmVyc2lvbiI6IjEifQ=="
        }
      ]
    }
  ]
}
